{
  "name": "sync",
  "version": "1.0.0",
  "lockfileVersion": 2,
  "requires": true,
  "packages": {
    "": {
      "name": "sync",
      "version": "1.0.0",
      "license": "ISC",
      "dependencies": {
        "dotenv": "^16.0.3",
        "surrealdb.js": "^0.11.0",
        "vcard4": "^3.1.3"
      }
    },
    "node_modules/dotenv": {
      "version": "16.0.3",
      "resolved": "https://registry.npmjs.org/dotenv/-/dotenv-16.0.3.tgz",
      "integrity": "sha512-7GO6HghkA5fYG9TYnNxi14/7K9f5occMlp3zXAuSxn7CKCxt9xbNWG7yF8hTCSUchlfWSe3uLmlPfigevRItzQ==",
      "engines": {
        "node": ">=12"
      }
    },
    "node_modules/surrealdb.js": {
      "version": "0.11.0",
      "resolved": "https://registry.npmjs.org/surrealdb.js/-/surrealdb.js-0.11.0.tgz",
      "integrity": "sha512-x/Qd0UYyNilwY27JZlWgP8NsCdBzDtextRzP9oIm7xO27qsZvE5Rh4wnYN0xD68zgRAE4W8Jsufbm+hKbaGsTg==",
      "dependencies": {
        "unws": "^0.2.3",
        "ws": "^8.13.0",
        "zod": "^3.22.4"
      }
    },
    "node_modules/unws": {
      "version": "0.2.4",
      "resolved": "https://registry.npmjs.org/unws/-/unws-0.2.4.tgz",
      "integrity": "sha512-/N1ajiqrSp0A/26/LBg7r10fOcPtGXCqJRJ61sijUFoGZMr6ESWGYn7i0cwr7fR7eEECY5HsitqtjGHDZLAu2w==",
      "engines": {
        "node": ">=16.14.0"
      },
      "peerDependencies": {
        "ws": "*"
      }
    },
    "node_modules/vcard4": {
      "version": "3.1.3",
      "resolved": "https://registry.npmjs.org/vcard4/-/vcard4-3.1.3.tgz",
      "integrity": "sha512-v4DbdputS2TVQ9Il87taq2P2UVZ5XVAPf5UhG6NVPp28nm/KaDW7LeEUmLfppjI8A75DKHb6U9uDBosbI+bxxA=="
    },
    "node_modules/ws": {
      "version": "8.16.0",
      "resolved": "https://registry.npmjs.org/ws/-/ws-8.16.0.tgz",
      "integrity": "sha512-HS0c//TP7Ina87TfiPUz1rQzMhHrl/SG2guqRcTOIUYD2q8uhUdNHZYJUaQ8aTGPzCh+c6oawMKW35nFl1dxyQ==",
      "engines": {
        "node": ">=10.0.0"
      },
      "peerDependencies": {
        "bufferutil": "^4.0.1",
        "utf-8-validate": ">=5.0.2"
      },
      "peerDependenciesMeta": {
        "bufferutil": {
          "optional": true
        },
        "utf-8-validate": {
          "optional": true
        }
      }
    },
    "node_modules/zod": {
      "version": "3.22.4",
      "resolved": "https://registry.npmjs.org/zod/-/zod-3.22.4.tgz",
      "integrity": "sha512-iC+8Io04lddc+mVqQ9AZ7OQ2MrUKGN+oIQyq1vemgt46jwCwLfhq7/pwnBnNXXXZb8VTVLKwp9EDkx+ryxIWmg==",
      "funding": {
        "url": "https://github.com/sponsors/colinhacks"
      }
    }
  },
  "dependencies": {
    "dotenv": {
      "version": "16.0.3",
      "resolved": "https://registry.npmjs.org/dotenv/-/dotenv-16.0.3.tgz",
      "integrity": "sha512-7GO6HghkA5fYG9TYnNxi14/7K9f5occMlp3zXAuSxn7CKCxt9xbNWG7yF8hTCSUchlfWSe3uLmlPfigevRItzQ=="
    },
    "surrealdb.js": {
      "version": "0.11.0",
      "resolved": "https://registry.npmjs.org/surrealdb.js/-/surrealdb.js-0.11.0.tgz",
      "integrity": "sha512-x/Qd0UYyNilwY27JZlWgP8NsCdBzDtextRzP9oIm7xO27qsZvE5Rh4wnYN0xD68zgRAE4W8Jsufbm+hKbaGsTg==",
      "requires": {
        "unws": "^0.2.3",
        "ws": "^8.13.0",
        "zod": "^3.22.4"
      }
    },
    "unws": {
      "version": "0.2.4",
      "resolved": "https://registry.npmjs.org/unws/-/unws-0.2.4.tgz",
      "integrity": "sha512-/N1ajiqrSp0A/26/LBg7r10fOcPtGXCqJRJ61sijUFoGZMr6ESWGYn7i0cwr7fR7eEECY5HsitqtjGHDZLAu2w==",
      "requires": {}
    },
    "vcard4": {
      "version": "3.1.3",
      "resolved": "https://registry.npmjs.org/vcard4/-/vcard4-3.1.3.tgz",
      "integrity": "sha512-v4DbdputS2TVQ9Il87taq2P2UVZ5XVAPf5UhG6NVPp28nm/KaDW7LeEUmLfppjI8A75DKHb6U9uDBosbI+bxxA=="
    },
    "ws": {
      "version": "8.16.0",
      "resolved": "https://registry.npmjs.org/ws/-/ws-8.16.0.tgz",
      "integrity": "sha512-HS0c//TP7Ina87TfiPUz1rQzMhHrl/SG2guqRcTOIUYD2q8uhUdNHZYJUaQ8aTGPzCh+c6oawMKW35nFl1dxyQ==",
      "requires": {}
    },
    "zod": {
      "version": "3.22.4",
      "resolved": "https://registry.npmjs.org/zod/-/zod-3.22.4.tgz",
      "integrity": "sha512-iC+8Io04lddc+mVqQ9AZ7OQ2MrUKGN+oIQyq1vemgt46jwCwLfhq7/pwnBnNXXXZb8VTVLKwp9EDkx+ryxIWmg=="
    }
  }
}
