[[package]]
name = "bcrypt"
version = "4.1.2"
description = "Modern password hashing for your software and your servers"
category = "main"
optional = false
python-versions = ">=3.7"

[package.extras]
tests = ["pytest (>=3.2.1,!=3.3.0)"]
typecheck = ["mypy"]

[[package]]
name = "defusedxml"
version = "0.7.1"
description = "XML bomb protection for Python stdlib modules"
category = "main"
optional = false
python-versions = ">=2.7, !=3.0.*, !=3.1.*, !=3.2.*, !=3.3.*, !=3.4.*"

[[package]]
name = "dnspython"
version = "2.2.1"
description = "DNS toolkit"
category = "main"
optional = false
python-versions = ">=3.6,<4.0"

[package.extras]
curio = ["curio (>=1.2,<2.0)", "sniffio (>=1.1,<2.0)"]
dnssec = ["cryptography (>=2.6,<37.0)"]
doh = ["h2 (>=4.1.0)", "httpx (>=0.21.1)", "requests (>=2.23.0,<3.0.0)", "requests-toolbelt (>=0.9.1,<0.10.0)"]
idna = ["idna (>=2.1,<4.0)"]
trio = ["trio (>=0.14,<0.20)"]
wmi = ["wmi (>=1.5.1,<2.0.0)"]

[[package]]
name = "passlib"
version = "1.7.4"
description = "comprehensive password hashing framework supporting over 30 schemes"
category = "main"
optional = false
python-versions = "*"

[package.extras]
argon2 = ["argon2-cffi (>=18.2.0)"]
bcrypt = ["bcrypt (>=3.1.0)"]
build-docs = ["cloud-sptheme (>=1.10.1)", "sphinx (>=1.6)", "sphinxcontrib-fulltoc (>=1.2.0)"]
totp = ["cryptography"]

[[package]]
name = "pymongo"
version = "4.2.0"
description = "Python driver for MongoDB <http://www.mongodb.org>"
category = "main"
optional = false
python-versions = ">=3.7"

[package.dependencies]
dnspython = {version = ">=1.16.0,<3.0.0", optional = true, markers = "extra == \"srv\""}

[package.extras]
aws = ["pymongo-auth-aws (<2.0.0)"]
encryption = ["pymongocrypt (>=1.3.0,<2.0.0)"]
gssapi = ["pykerberos"]
ocsp = ["certifi", "pyopenssl (>=17.2.0)", "requests (<3.0.0)", "service-identity (>=18.1.0)"]
snappy = ["python-snappy"]
srv = ["dnspython (>=1.16.0,<3.0.0)"]
zstd = ["zstandard"]

[[package]]
name = "python-dateutil"
version = "2.8.2"
description = "Extensions to the standard Python datetime module"
category = "main"
optional = false
python-versions = "!=3.0.*,!=3.1.*,!=3.2.*,>=2.7"

[package.dependencies]
six = ">=1.5"

[[package]]
name = "radicale"
version = "3.1.8"
description = "CalDAV and CardDAV Server"
category = "main"
optional = false
python-versions = ">=3.6.0"

[package.dependencies]
defusedxml = "*"
passlib = "*"
python-dateutil = ">=2.7.3"
vobject = ">=0.9.6"

[package.extras]
bcrypt = ["bcrypt", "passlib[bcrypt]"]
test = ["bcrypt", "passlib[bcrypt]", "pytest (<7)", "typeguard", "waitress"]

[[package]]
name = "six"
version = "1.16.0"
description = "Python 2 and 3 compatibility utilities"
category = "main"
optional = false
python-versions = ">=2.7, !=3.0.*, !=3.1.*, !=3.2.*"

[[package]]
name = "vobject"
version = "0.9.6.1"
description = "A full-featured Python package for parsing and creating iCalendar and vCard files"
category = "main"
optional = false
python-versions = "*"

[package.dependencies]
python-dateutil = ">=2.4.0"

[metadata]
lock-version = "1.1"
python-versions = "^3.10"
content-hash = "0cec5502446d708947a6cf77b272e9fb8aa4189ff2c1f37b10d3eac63dd52697"

[metadata.files]
bcrypt = [
    {file = "bcrypt-4.1.2-cp37-abi3-macosx_10_12_universal2.whl", hash = "sha256:ac621c093edb28200728a9cca214d7e838529e557027ef0581685909acd28b5e"},
    {file = "bcrypt-4.1.2-cp37-abi3-manylinux_2_17_aarch64.manylinux2014_aarch64.whl", hash = "sha256:ea505c97a5c465ab8c3ba75c0805a102ce526695cd6818c6de3b1a38f6f60da1"},
    {file = "bcrypt-4.1.2-cp37-abi3-manylinux_2_17_x86_64.manylinux2014_x86_64.whl", hash = "sha256:57fa9442758da926ed33a91644649d3e340a71e2d0a5a8de064fb621fd5a3326"},
    {file = "bcrypt-4.1.2-cp37-abi3-manylinux_2_28_aarch64.whl", hash = "sha256:eb3bd3321517916696233b5e0c67fd7d6281f0ef48e66812db35fc963a422a1c"},
    {file = "bcrypt-4.1.2-cp37-abi3-manylinux_2_28_x86_64.whl", hash = "sha256:6cad43d8c63f34b26aef462b6f5e44fdcf9860b723d2453b5d391258c4c8e966"},
    {file = "bcrypt-4.1.2-cp37-abi3-musllinux_1_1_aarch64.whl", hash = "sha256:44290ccc827d3a24604f2c8bcd00d0da349e336e6503656cb8192133e27335e2"},
    {file = "bcrypt-4.1.2-cp37-abi3-musllinux_1_1_x86_64.whl", hash = "sha256:732b3920a08eacf12f93e6b04ea276c489f1c8fb49344f564cca2adb663b3e4c"},
    {file = "bcrypt-4.1.2-cp37-abi3-musllinux_1_2_aarch64.whl", hash = "sha256:1c28973decf4e0e69cee78c68e30a523be441972c826703bb93099868a8ff5b5"},
    {file = "bcrypt-4.1.2-cp37-abi3-musllinux_1_2_x86_64.whl", hash = "sha256:b8df79979c5bae07f1db22dcc49cc5bccf08a0380ca5c6f391cbb5790355c0b0"},
    {file = "bcrypt-4.1.2-cp37-abi3-win32.whl", hash = "sha256:fbe188b878313d01b7718390f31528be4010fed1faa798c5a1d0469c9c48c369"},
    {file = "bcrypt-4.1.2-cp37-abi3-win_amd64.whl", hash = "sha256:9800ae5bd5077b13725e2e3934aa3c9c37e49d3ea3d06318010aa40f54c63551"},
    {file = "bcrypt-4.1.2-cp39-abi3-macosx_10_12_universal2.whl", hash = "sha256:71b8be82bc46cedd61a9f4ccb6c1a493211d031415a34adde3669ee1b0afbb63"},
    {file = "bcrypt-4.1.2-cp39-abi3-manylinux_2_17_aarch64.manylinux2014_aarch64.whl", hash = "sha256:68e3c6642077b0c8092580c819c1684161262b2e30c4f45deb000c38947bf483"},
    {file = "bcrypt-4.1.2-cp39-abi3-manylinux_2_17_x86_64.manylinux2014_x86_64.whl", hash = "sha256:387e7e1af9a4dd636b9505a465032f2f5cb8e61ba1120e79a0e1cd0b512f3dfc"},
    {file = "bcrypt-4.1.2-cp39-abi3-manylinux_2_28_aarch64.whl", hash = "sha256:f70d9c61f9c4ca7d57f3bfe88a5ccf62546ffbadf3681bb1e268d9d2e41c91a7"},
    {file = "bcrypt-4.1.2-cp39-abi3-manylinux_2_28_x86_64.whl", hash = "sha256:2a298db2a8ab20056120b45e86c00a0a5eb50ec4075b6142db35f593b97cb3fb"},
    {file = "bcrypt-4.1.2-cp39-abi3-musllinux_1_1_aarch64.whl", hash = "sha256:ba55e40de38a24e2d78d34c2d36d6e864f93e0d79d0b6ce915e4335aa81d01b1"},
    {file = "bcrypt-4.1.2-cp39-abi3-musllinux_1_1_x86_64.whl", hash = "sha256:3566a88234e8de2ccae31968127b0ecccbb4cddb629da744165db72b58d88ca4"},
    {file = "bcrypt-4.1.2-cp39-abi3-musllinux_1_2_aarch64.whl", hash = "sha256:b90e216dc36864ae7132cb151ffe95155a37a14e0de3a8f64b49655dd959ff9c"},
    {file = "bcrypt-4.1.2-cp39-abi3-musllinux_1_2_x86_64.whl", hash = "sha256:69057b9fc5093ea1ab00dd24ede891f3e5e65bee040395fb1e66ee196f9c9b4a"},
    {file = "bcrypt-4.1.2-cp39-abi3-win32.whl", hash = "sha256:02d9ef8915f72dd6daaef40e0baeef8a017ce624369f09754baf32bb32dba25f"},
    {file = "bcrypt-4.1.2-cp39-abi3-win_amd64.whl", hash = "sha256:be3ab1071662f6065899fe08428e45c16aa36e28bc42921c4901a191fda6ee42"},
    {file = "bcrypt-4.1.2-pp310-pypy310_pp73-manylinux_2_28_aarch64.whl", hash = "sha256:d75fc8cd0ba23f97bae88a6ec04e9e5351ff3c6ad06f38fe32ba50cbd0d11946"},
    {file = "bcrypt-4.1.2-pp310-pypy310_pp73-manylinux_2_28_x86_64.whl", hash = "sha256:a97e07e83e3262599434816f631cc4c7ca2aa8e9c072c1b1a7fec2ae809a1d2d"},
    {file = "bcrypt-4.1.2-pp39-pypy39_pp73-manylinux_2_28_aarch64.whl", hash = "sha256:e51c42750b7585cee7892c2614be0d14107fad9581d1738d954a262556dd1aab"},
    {file = "bcrypt-4.1.2-pp39-pypy39_pp73-manylinux_2_28_x86_64.whl", hash = "sha256:ba4e4cc26610581a6329b3937e02d319f5ad4b85b074846bf4fef8a8cf51e7bb"},
    {file = "bcrypt-4.1.2.tar.gz", hash = "sha256:33313a1200a3ae90b75587ceac502b048b840fc69e7f7a0905b5f87fac7a1258"},
]
defusedxml = [
    {file = "defusedxml-0.7.1-py2.py3-none-any.whl", hash = "sha256:a352e7e428770286cc899e2542b6cdaedb2b4953ff269a210103ec58f6198a61"},
    {file = "defusedxml-0.7.1.tar.gz", hash = "sha256:1bb3032db185915b62d7c6209c5a8792be6a32ab2fedacc84e01b52c51aa3e69"},
]
dnspython = [
    {file = "dnspython-2.2.1-py3-none-any.whl", hash = "sha256:a851e51367fb93e9e1361732c1d60dab63eff98712e503ea7d92e6eccb109b4f"},
    {file = "dnspython-2.2.1.tar.gz", hash = "sha256:0f7569a4a6ff151958b64304071d370daa3243d15941a7beedf0c9fe5105603e"},
]
passlib = [
    {file = "passlib-1.7.4-py2.py3-none-any.whl", hash = "sha256:aa6bca462b8d8bda89c70b382f0c298a20b5560af6cbfa2dce410c0a2fb669f1"},
    {file = "passlib-1.7.4.tar.gz", hash = "sha256:defd50f72b65c5402ab2c573830a6978e5f202ad0d984793c8dde2c4152ebe04"},
]
pymongo = [
    {file = "pymongo-4.2.0-cp310-cp310-macosx_10_15_universal2.whl", hash = "sha256:b9e4981a65f8500a3a46bb3a1e81b9feb45cf0b2115ad9c4f8d517326d026940"},
    {file = "pymongo-4.2.0-cp310-cp310-macosx_10_9_universal2.whl", hash = "sha256:1c81414b706627f15e921e29ae2403aab52e33e36ed92ed989c602888d7c3b90"},
    {file = "pymongo-4.2.0-cp310-cp310-manylinux1_i686.whl", hash = "sha256:c549bb519456ee230e92f415c5b4d962094caac0fdbcc4ed22b576f66169764e"},
    {file = "pymongo-4.2.0-cp310-cp310-manylinux2014_aarch64.whl", hash = "sha256:70216ec4c248213ae95ea499b6314c385ce01a5946c448fb22f6c8395806e740"},
    {file = "pymongo-4.2.0-cp310-cp310-manylinux2014_i686.whl", hash = "sha256:8a86e8c2ac2ec87141e1c6cb00bdb18a4560f06e5f96769abcd1dda24dc0e764"},
    {file = "pymongo-4.2.0-cp310-cp310-manylinux2014_ppc64le.whl", hash = "sha256:314b556afd72eb21a6a10bd1f45ef252509f014f80207db59c97372103c88237"},
    {file = "pymongo-4.2.0-cp310-cp310-manylinux2014_s390x.whl", hash = "sha256:902e2c9030cb042c49750bc70d72d830d42c64ea0df5ff8630c171e065c93dd7"},
    {file = "pymongo-4.2.0-cp310-cp310-manylinux2014_x86_64.whl", hash = "sha256:c69ef5906dcd6ec565d4d887ba97ceb2a84f3b614307ee3b4780cb1ea40b1867"},
    {file = "pymongo-4.2.0-cp310-cp310-manylinux_2_17_aarch64.manylinux2014_aarch64.whl", hash = "sha256:07564178ecc203a84f63e72972691af6c0c82d2dc0c9da66ba711695276089ba"},
    {file = "pymongo-4.2.0-cp310-cp310-manylinux_2_17_ppc64le.manylinux2014_ppc64le.whl", hash = "sha256:f47d5f10922cf7f7dfcd1406bd0926cef6d866a75953c3745502dffd7ac197dd"},
    {file = "pymongo-4.2.0-cp310-cp310-manylinux_2_17_s390x.manylinux2014_s390x.whl", hash = "sha256:4cadaaa5c19ad23fc84559e90284f2eb003c36958ebb2c06f286b678f441285f"},
    {file = "pymongo-4.2.0-cp310-cp310-manylinux_2_17_x86_64.manylinux2014_x86_64.whl", hash = "sha256:d94f535df9f539615bc3dbbef185ded3b609373bb44ca1afffcabac70202678a"},
    {file = "pymongo-4.2.0-cp310-cp310-manylinux_2_5_i686.manylinux1_i686.manylinux_2_17_i686.manylinux2014_i686.whl", hash = "sha256:147a23cd96feb67606ac957744d8d25b013426cdc3c7164a4f99bd8253f649e3"},
    {file = "pymongo-4.2.0-cp310-cp310-win32.whl", hash = "sha256:ecdcb0d4e9b08b739035f57a09330efc6f464bd7f942b63897395d996ca6ebd5"},
    {file = "pymongo-4.2.0-cp310-cp310-win_amd64.whl", hash = "sha256:8c223aea52c359cc8fdee5bd3475532590755c269ec4d4fe581acd47a44e9952"},
    {file = "pymongo-4.2.0-cp37-cp37m-macosx_10_6_intel.whl", hash = "sha256:fe0820d169635e41c14a5d21514282e0b93347878666ec9d5d3bf0eed0649948"},
    {file = "pymongo-4.2.0-cp37-cp37m-manylinux1_i686.whl", hash = "sha256:e39cacee70a98758f9b2da53ee175378f07c60113b1fa4fae40cbaee5583181e"},
    {file = "pymongo-4.2.0-cp37-cp37m-manylinux1_x86_64.whl", hash = "sha256:701d331060dae72bf3ebdb82924405d14136a69282ccb00c89fc69dee21340b4"},
    {file = "pymongo-4.2.0-cp37-cp37m-manylinux2014_aarch64.whl", hash = "sha256:e08fe1731f5429435b8dea1db9663f9ed1812915ff803fc9991c7c4841ed62ad"},
    {file = "pymongo-4.2.0-cp37-cp37m-manylinux2014_i686.whl", hash = "sha256:60c470a58c5b62b1b12a5f5458f8e2f2f67b94e198d03dc5352f854d9230c394"},
    {file = "pymongo-4.2.0-cp37-cp37m-manylinux2014_ppc64le.whl", hash = "sha256:b211e161b6cc2790e0d640ad38e0429d06c944e5da23410f4dc61809dba25095"},
    {file = "pymongo-4.2.0-cp37-cp37m-manylinux2014_s390x.whl", hash = "sha256:ed90a9de4431cbfb2f3b2ef0c5fd356e61c85117b2be4db3eae28cb409f6e2d5"},
    {file = "pymongo-4.2.0-cp37-cp37m-manylinux2014_x86_64.whl", hash = "sha256:68e1e49a5675748233f7b05330f092582cd52f2850b4244939fd75ba640593ed"},
    {file = "pymongo-4.2.0-cp37-cp37m-manylinux_2_17_aarch64.manylinux2014_aarch64.whl", hash = "sha256:764fc15418d94bce5c2f8ebdbf66544f96f42efb1364b61e715e5b33281b388d"},
    {file = "pymongo-4.2.0-cp37-cp37m-manylinux_2_17_ppc64le.manylinux2014_ppc64le.whl", hash = "sha256:e64442aba81ed4df1ca494b87bf818569a1280acaa73071c68014f7a884e83f1"},
    {file = "pymongo-4.2.0-cp37-cp37m-manylinux_2_17_s390x.manylinux2014_s390x.whl", hash = "sha256:83168126ae2457d1a19b2af665cafa7ef78c2dcff192d7d7b5dad6b36c73ae24"},
    {file = "pymongo-4.2.0-cp37-cp37m-manylinux_2_17_x86_64.manylinux2014_x86_64.whl", hash = "sha256:69d0180bca594e81cdb4a2af328bdb4046f59e10aaeef7619496fe64f2ec918c"},
    {file = "pymongo-4.2.0-cp37-cp37m-manylinux_2_5_i686.manylinux1_i686.manylinux_2_17_i686.manylinux2014_i686.whl", hash = "sha256:80cbf0b043061451660099fff9001a7faacb2c9c983842b4819526e2f944dc6c"},
    {file = "pymongo-4.2.0-cp37-cp37m-manylinux_2_5_i686.manylinux1_i686.whl", hash = "sha256:e1b8f5e2f9637492b0da4d51f78ecb17786e61d6c461ead8542c944750faf4f9"},
    {file = "pymongo-4.2.0-cp37-cp37m-manylinux_2_5_x86_64.manylinux1_x86_64.whl", hash = "sha256:1a957cdc2b26eeed4d8f1889a40c6023dd1bd94672dd0f5ce327314f2caaefd4"},
    {file = "pymongo-4.2.0-cp37-cp37m-win32.whl", hash = "sha256:6bd5888997ea3eae9830c6cc7964b61dcfbc50eb3a5a6ce56ad5f86d5579b11c"},
    {file = "pymongo-4.2.0-cp37-cp37m-win_amd64.whl", hash = "sha256:dc24737d24ce0de762bee9c2a884639819485f679bbac8ab5be9c161ef6f9b2c"},
    {file = "pymongo-4.2.0-cp38-cp38-macosx_10_9_x86_64.whl", hash = "sha256:193cc97d44b1e6d2253ea94e30c6f94f994efb7166e2452af4df55825266e88b"},
    {file = "pymongo-4.2.0-cp38-cp38-manylinux1_i686.whl", hash = "sha256:e152c26ffc30331e9d57591fc4c05453c209aa20ba299d1deb7173f7d1958c22"},
    {file = "pymongo-4.2.0-cp38-cp38-manylinux1_x86_64.whl", hash = "sha256:8a9bc4dcfc2bda69ee88cdb7a89b03f2b8eca668519b704384a264dea2db4209"},
    {file = "pymongo-4.2.0-cp38-cp38-manylinux2014_aarch64.whl", hash = "sha256:8cbb868e88c4eee1c53364bb343d226a3c0e959e791e6828030cb78f46cfcbe3"},
    {file = "pymongo-4.2.0-cp38-cp38-manylinux2014_i686.whl", hash = "sha256:2bfe6b59f431f40fa545547616f4acf0c0c4b64518b1f951083e3bad06eb368b"},
    {file = "pymongo-4.2.0-cp38-cp38-manylinux2014_ppc64le.whl", hash = "sha256:ff66014687598823b6b23751884b4aa67eb934445406d95894dfc60cb7bfcc18"},
    {file = "pymongo-4.2.0-cp38-cp38-manylinux2014_s390x.whl", hash = "sha256:31c50da4a080166bc29403aa91f4c76e0889b4f24928d1b60508a37c1bf87f9a"},
    {file = "pymongo-4.2.0-cp38-cp38-manylinux2014_x86_64.whl", hash = "sha256:ccfdc7722df445c49dc6b5d514c3544cad99b53189165f7546793933050ac7fb"},
    {file = "pymongo-4.2.0-cp38-cp38-manylinux_2_17_aarch64.manylinux2014_aarch64.whl", hash = "sha256:cc7ebc37b03956a070260665079665eae69e5e96007694214f3a2107af96816a"},
    {file = "pymongo-4.2.0-cp38-cp38-manylinux_2_17_ppc64le.manylinux2014_ppc64le.whl", hash = "sha256:c8b4a782aac43948308087b962c9ecb030ba98886ce6dee3ad7aafe8c5e1ce80"},
    {file = "pymongo-4.2.0-cp38-cp38-manylinux_2_17_s390x.manylinux2014_s390x.whl", hash = "sha256:f1c23527f8e13f526fededbb96f2e7888f179fe27c51d41c2724f7059b75b2fa"},
    {file = "pymongo-4.2.0-cp38-cp38-manylinux_2_17_x86_64.manylinux2014_x86_64.whl", hash = "sha256:83cc3c35aeeceb67143914db67f685206e1aa37ea837d872f4bc28d7f80917c9"},
    {file = "pymongo-4.2.0-cp38-cp38-manylinux_2_5_i686.manylinux1_i686.manylinux_2_17_i686.manylinux2014_i686.whl", hash = "sha256:e09cdf5aad507c8faa30d97884cc42932ed3a9c2b7f22cc3ccc607bae03981b3"},
    {file = "pymongo-4.2.0-cp38-cp38-manylinux_2_5_i686.manylinux1_i686.whl", hash = "sha256:0f53253f4777cbccc426e669a2af875f26c95bd090d88593287b9a0a8ac7fa25"},
    {file = "pymongo-4.2.0-cp38-cp38-manylinux_2_5_x86_64.manylinux1_x86_64.whl", hash = "sha256:21238b19243a42f9a34a6d39e7580ceebc6da6d2f3cf729c1cff9023cb61a5f1"},
    {file = "pymongo-4.2.0-cp38-cp38-win32.whl", hash = "sha256:766acb5b1a19eae0f7467bcd3398748f110ea5309cdfc59faa5185dcc7fd4dca"},
    {file = "pymongo-4.2.0-cp38-cp38-win_amd64.whl", hash = "sha256:10f09c4f09757c2e2a707ad7304f5d69cb8fdf7cbfb644dbacfe5bbe8afe311b"},
    {file = "pymongo-4.2.0-cp39-cp39-macosx_10_9_x86_64.whl", hash = "sha256:a6bf01b9237f794fa3bdad5089474067d28be7e199b356a18d3f247a45775f26"},
    {file = "pymongo-4.2.0-cp39-cp39-manylinux1_i686.whl", hash = "sha256:d8bb745321716e7a11220a67c88212ecedde4021e1de4802e563baef9df921d2"},
    {file = "pymongo-4.2.0-cp39-cp39-manylinux1_x86_64.whl", hash = "sha256:3be53e9888e759c49ae35d747ff77a04ff82b894dd64601e0f3a5a159b406245"},
    {file = "pymongo-4.2.0-cp39-cp39-manylinux2014_aarch64.whl", hash = "sha256:a3efdf154844244e0dabe902cf1827fdced55fa5b144adec2a86e5ce50a99b97"},
    {file = "pymongo-4.2.0-cp39-cp39-manylinux2014_i686.whl", hash = "sha256:a7eb5b06744b911b6668b427c8abc71b6d624e72d3dfffed00988fa1b4340f97"},
    {file = "pymongo-4.2.0-cp39-cp39-manylinux2014_ppc64le.whl", hash = "sha256:b0be613d926c5dbb0d3fc6b58e4f2be4979f80ae76fda6e47309f011b388fe0c"},
    {file = "pymongo-4.2.0-cp39-cp39-manylinux2014_s390x.whl", hash = "sha256:e7dcb73f683c155885a3488646fcead3a895765fed16e93c9b80000bc69e96cb"},
    {file = "pymongo-4.2.0-cp39-cp39-manylinux2014_x86_64.whl", hash = "sha256:b537dd282de1b53d9ae7cf9f3df36420c8618390f2da92100391f3ba8f3c141a"},
    {file = "pymongo-4.2.0-cp39-cp39-manylinux_2_17_aarch64.manylinux2014_aarch64.whl", hash = "sha256:d98d2a8283c9928a9e5adf2f3c0181e095579e9732e1613aaa55d386e2bcb6c5"},
    {file = "pymongo-4.2.0-cp39-cp39-manylinux_2_17_ppc64le.manylinux2014_ppc64le.whl", hash = "sha256:76892bbce743eb9f90360b3626ea92f13d338010a1004b4488e79e555b339921"},
    {file = "pymongo-4.2.0-cp39-cp39-manylinux_2_17_s390x.manylinux2014_s390x.whl", hash = "sha256:124d0e880b66f9b0778613198e89984984fdd37a3030a9007e5f459a42dfa2d3"},
    {file = "pymongo-4.2.0-cp39-cp39-manylinux_2_17_x86_64.manylinux2014_x86_64.whl", hash = "sha256:773467d25c293f8e981b092361dab5fd800e1ba318403b7959d35004c67faedc"},
    {file = "pymongo-4.2.0-cp39-cp39-manylinux_2_5_i686.manylinux1_i686.manylinux_2_17_i686.manylinux2014_i686.whl", hash = "sha256:6673ab3fbf3135cc1a8c0f70d480db5b2378c3a70af8d602f73f76b8338bdf97"},
    {file = "pymongo-4.2.0-cp39-cp39-manylinux_2_5_i686.manylinux1_i686.whl", hash = "sha256:153b8f8705970756226dfeeb7bb9637e0ad54a4d79b480b4c8244e34e16e1662"},
    {file = "pymongo-4.2.0-cp39-cp39-manylinux_2_5_x86_64.manylinux1_x86_64.whl", hash = "sha256:01721da74558f2f64a9f162ee063df403ed656b7d84229268d8e4ae99cfba59c"},
    {file = "pymongo-4.2.0-cp39-cp39-win32.whl", hash = "sha256:a25c0eb2d610b20e276e684be61c337396813b636b69373c17314283cb1a3b14"},
    {file = "pymongo-4.2.0-cp39-cp39-win_amd64.whl", hash = "sha256:44b36ccb90aac5ea50be23c1a6e8f24fbfc78afabdef114af16c6e0a80981364"},
    {file = "pymongo-4.2.0.tar.gz", hash = "sha256:72f338f6aabd37d343bd9d1fdd3de921104d395766bcc5cdc4039e4c2dd97766"},
]
python-dateutil = [
    {file = "python-dateutil-2.8.2.tar.gz", hash = "sha256:0123cacc1627ae19ddf3c27a5de5bd67ee4586fbdd6440d9748f8abb483d3e86"},
    {file = "python_dateutil-2.8.2-py2.py3-none-any.whl", hash = "sha256:961d03dc3453ebbc59dbdea9e4e11c5651520a876d0f4db161e8674aae935da9"},
]
radicale = [
    {file = "Radicale-3.1.8-py3-none-any.whl", hash = "sha256:989b8e888f1d3e49016368621b119bce86f493b69c45e8af85a2dfef30884f6e"},
    {file = "Radicale-3.1.8.tar.gz", hash = "sha256:556a5b6dad428d9d0e2e879cfd84afe8d5987e04ae9d57b3015073f01664e484"},
]
six = [
    {file = "six-1.16.0-py2.py3-none-any.whl", hash = "sha256:8abb2f1d86890a2dfb989f9a77cfcfd3e47c2a354b01111771326f8aa26e0254"},
    {file = "six-1.16.0.tar.gz", hash = "sha256:1e61c37477a1626458e36f7b1d82aa5c9b094fa4802892072e49de9c60c4c926"},
]
vobject = [
    {file = "vobject-0.9.6.1.tar.gz", hash = "sha256:96512aec74b90abb71f6b53898dd7fe47300cc940104c4f79148f0671f790101"},
]
